
Microsoft Visual Studio Solution File, Format Version 12.00
# Visual Studio 15
VisualStudioVersion = 15.0.27004.2005
MinimumVisualStudioVersion = 10.0.40219.1
Project("{FAE04EC0-301F-11D3-BF4B-00C04F79EFBC}") = "PictureBox_Ext", "PictureBoxExt\PictureBox_Ext.csproj", "{5A11F894-B8BF-4F49-8424-0575B22F3DD4}"
EndProject
Project("{FAE04EC0-301F-11D3-BF4B-00C04F79EFBC}") = "DDSReaderSharpTest", "DDSReaderSharpTest\DDSReaderSharpTest.csproj", "{7FA35D6C-F456-4286-9F78-FF17A076DDBF}"
EndProject
Global
	GlobalSection(SolutionConfigurationPlatforms) = preSolution
		Debug|Any CPU = Debug|Any CPU
		Release|Any CPU = Release|Any CPU
	EndGlobalSection
	GlobalSection(ProjectConfigurationPlatforms) = postSolution
		{5A11F894-B8BF-4F49-8424-0575B22F3DD4}.Debug|Any CPU.ActiveCfg = Debug|Any CPU
		{5A11F894-B8BF-4F49-8424-0575B22F3DD4}.Debug|Any CPU.Build.0 = Debug|Any CPU
		{5A11F894-B8BF-4F49-8424-0575B22F3DD4}.Release|Any CPU.ActiveCfg = Release|Any CPU
		{5A11F894-B8BF-4F49-8424-0575B22F3DD4}.Release|Any CPU.Build.0 = Release|Any CPU
		{7FA35D6C-F456-4286-9F78-FF17A076DDBF}.Debug|Any CPU.ActiveCfg = Debug|Any CPU
		{7FA35D6C-F456-4286-9F78-FF17A076DDBF}.Debug|Any CPU.Build.0 = Debug|Any CPU
		{7FA35D6C-F456-4286-9F78-FF17A076DDBF}.Release|Any CPU.ActiveCfg = Release|Any CPU
		{7FA35D6C-F456-4286-9F78-FF17A076DDBF}.Release|Any CPU.Build.0 = Release|Any CPU
	EndGlobalSection
	GlobalSection(SolutionProperties) = preSolution
		HideSolutionNode = FALSE
	EndGlobalSection
	GlobalSection(ExtensibilityGlobals) = postSolution
		SolutionGuid = {D6200633-2EB0-4165-8117-00D7793A6404}
	EndGlobalSection
EndGlobal
